lockfileVersion: '9.0'

settings:
  autoInstallPeers: true
  excludeLinksFromLockfile: false

patchedDependencies:
  '@opentui/core@0.4.2':
    hash: nszgaukpo3jzpwyit3vhzlicdi
    path: patches/@opentui__core@0.4.2.patch

importers:

  .: {}

  packages/cli:
    dependencies:
      '@selene/regula':
        specifier: workspace:*
        version: link:../regula
    devDependencies:
      '@types/node':
        specifier: latest
        version: 26.0.1
      bun-types:
        specifier: latest
        version: 1.3.14

  packages/daemon:
    dependencies:
      '@selene/regula':
        specifier: workspace:*
        version: link:../regula
    devDependencies:
      '@types/node':
        specifier: latest
        version: 26.1.0
      bun-types:
        specifier: latest
        version: 1.3.14

  packages/parity:
    devDependencies:
      '@types/node':
        specifier: latest
        version: 26.1.0
      bun-types:
        specifier: latest
        version: 1.3.14

  packages/regula:
    dependencies:
      gray-matter:
        specifier: ^4.0.3
        version: 4.0.3
    devDependencies:
      '@types/node':
        specifier: latest
        version: 26.0.1
      bun-types:
        specifier: latest
        version: 1.3.14

  packages/tui:
    dependencies:
      '@opentui/core':
        specifier: latest
        version: 0.4.2(patch_hash=nszgaukpo3jzpwyit3vhzlicdi)(typescript@5.9.3)(web-tree-sitter@0.25.10)
      '@opentui/react':
        specifier: latest
        version: 0.4.2(react-devtools-core@7.0.1)(react@19.2.7)(typescript@5.9.3)(web-tree-sitter@0.25.10)(ws@8.21.0)
      '@selene/regula':
        specifier: workspace:*
        version: link:../regula
      d3-force:
        specifier: ^3.0.0
        version: 3.0.0
      katex:
        specifier: ^0.16.22
        version: 0.16.47
      marked:
        specifier: ^18.0.5
        version: 18.0.5
      react:
        specifier: 19.2.7
        version: 19.2.7
      tree-sitter-wasms:
        specifier: ^0.1.13
        version: 0.1.13
    devDependencies:
      '@types/d3-force':
        specifier: ^3.0.10
        version: 3.0.10
      '@types/node':
        specifier: latest
        version: 26.0.1
      '@types/react':
        specifier: latest
        version: 19.2.17
      bun-types:
        specifier: latest
        version: 1.3.14

packages:

  '@opentui/core-darwin-arm64@0.4.2':
    resolution: {integrity: sha512-is+O+sS/l3E9cZXyM9pRF1WhqnE+hYSPYoZkbseR9CthJcaWPGi3R3jUJa1cLj325252jWgxVupnDqFUtKg36w==}
    cpu: [arm64]
    os: [darwin]

  '@opentui/core-darwin-x64@0.4.2':
    resolution: {integrity: sha512-ACi42h81DurSeybUAD1XyKT6xmXZcKeTxS54lZFi0CVZh46w0g99vNj8PlQzIFXvvFLT0e0IlRS//eWSWS2zGQ==}
    cpu: [x64]
    os: [darwin]

  '@opentui/core-linux-arm64-musl@0.4.2':
    resolution: {integrity: sha512-heNciL2ngPU+kq1h01PHLsxn6Fr8iqTFtbxSdVbhaY3XihuIjkuXyEhFeuoa1lsXY7Bb2gpWnX5EQVWnZsAuDQ==}
    cpu: [arm64]
    os: [linux]

  '@opentui/core-linux-arm64@0.4.2':
    resolution: {integrity: sha512-RjOx2HcjLRtGSy9WrAGSdr5M9SpJuPifPORpImx6Mciovw0ltnE0uoYjIyor82uf6/LExWC7YA2AcAl+YBxayA==}
    cpu: [arm64]
    os: [linux]

  '@opentui/core-linux-x64-musl@0.4.2':
    resolution: {integrity: sha512-Cjv6Bv7l3p/KLNJr5RyqCS0FmRlAGJnkA2IK3S+HkHhCOv/O02S1G+DBUY6POnyjp1eNy95vauustApobhdbig==}
    cpu: [x64]
    os: [linux]

  '@opentui/core-linux-x64@0.4.2':
    resolution: {integrity: sha512-9s0s/ooK+AhWP306By3gu+XhzcVEThC2sqKMPK1nQmGDujQhd+xOrtbtfCVcJSx62UzAovC2VNqypvP8vHByOg==}
    cpu: [x64]
    os: [linux]

  '@opentui/core-win32-arm64@0.4.2':
    resolution: {integrity: sha512-mfJZrJ0TNPFRZUzXNsxAPe1YdiWsy/vbTl93+yeXGHPI1B8Qnk9V5hpzSxxEyBGhlTHSfGNtgiO+VrrdRC3kZA==}
    cpu: [arm64]
    os: [win32]

  '@opentui/core-win32-x64@0.4.2':
    resolution: {integrity: sha512-P2oguG3ng3OMjAdasFSA3GhHaQXtzDUsIRDGbzWFOimpZ/zMemidp+JQ0V8V6XwK6Utk5G0aQ03oBaRCoLyYDw==}
    cpu: [x64]
    os: [win32]

  '@opentui/core@0.4.2':
    resolution: {integrity: sha512-ulx6RMqftf2fm7Itf9e81GcCDMNY6NAhmnKYhllDOMYD+PxYXR+vomy2bxQNV5ow31RE7s8WQFnb7hWTRUbx2g==}
    peerDependencies:
      web-tree-sitter: 0.25.10

  '@opentui/react@0.4.2':
    resolution: {integrity: sha512-SsteuclEw72gUBzp/mZjADSNS1jJJr4htB89euicn+Atl62ZvO22wuLE9hBFDCpumtgG3sbSe+7XtV6vW1orXA==}
    peerDependencies:
      react: '>=19.2.0'
      react-devtools-core: ^7.0.1
      ws: ^8.18.0

  '@types/d3-force@3.0.10':
    resolution: {integrity: sha512-ZYeSaCF3p73RdOKcjj+swRlZfnYpK1EbaDiYICEEp5Q6sUiqFaFQ9qgoshp5CzIyyb/yD09kD9o2zEltCexlgw==}

  '@types/node@26.0.1':
    resolution: {integrity: sha512-fc3KiUoBt6kie0N9bIW3E47vZsuaMf0PM2AaUpLCLT0s/LvX1nxAim6Fc049cNxODPpGm6qRAuUOB86SkRuPQw==}

  '@types/node@26.1.0':
    resolution: {integrity: sha512-O0A1G3xPGy4w7AgQdAQYUlQ+BKk2Oovw8eRpofyp5KdBZULnbe+WqaOVNrm705SHphCiG4XHsACrSmPu1f+Kgw==}

  '@types/react@19.2.17':
    resolution: {integrity: sha512-MXfmqaVPEVgkBT/aY0aGCkRWWtByiYQXo3xdQ8r5RzuFrPiRn8Gar2tQdXSUQ2GKV3bkXckek89V8wQBY2Q/Aw==}

  ansi-regex@6.2.2:
    resolution: {integrity: sha512-Bq3SmSpyFHaWjPk8If9yc6svM8c56dB5BAtW4Qbw5jHTwwXXcTLoRMkpDJp6VL0XzlWaCHTXrkFURMYmD0sLqg==}
    engines: {node: '>=12'}

  argparse@1.0.10:
    resolution: {integrity: sha512-o5Roy6tNG4SL/FOkCAN6RzjiakZS25RLYFrcMttJqbdd8BWrnA+fGz57iN5Pb06pvBGvl5gQ0B48dJlslXvoTg==}

  bun-ffi-structs@0.2.3:
    resolution: {integrity: sha512-pgJiXP+hEgFo9qG51J6ItfY4ocs3vniwNzJ9WhoakB3QB2GdzQxX2EXssentPYlB2hOfJrTjO6iIQkWYzUodpg==}
    peerDependencies:
      typescript: ^5

  bun-types@1.3.14:
    resolution: {integrity: sha512-4N0ig0fEomHt5R0KCFWjovxow98rIoRwKolrYdCcknNwMekCXRnWEUvgu5soYV8QXtVsrUD8B95MBOZGPvr6KQ==}

  commander@8.3.0:
    resolution: {integrity: sha512-OkTL9umf+He2DZkUq8f8J9of7yL6RJKI24dVITBmNfZBmri9zYZQrKkuXiKhyfPSu8tUhnVBB1iKXevvnlR4Ww==}
    engines: {node: '>= 12'}

  csstype@3.2.3:
    resolution: {integrity: sha512-z1HGKcYy2xA8AGQfwrn0PAy+PB7X/GSj3UVJW9qKyn43xWa+gl5nXmU4qqLMRzWVLFC8KusUX8T/0kCiOYpAIQ==}

  d3-dispatch@3.0.1:
    resolution: {integrity: sha512-rzUyPU/S7rwUflMyLc1ETDeBj0NRuHKKAcvukozwhshr6g6c5d8zh4c2gQjY2bZ0dXeGLWc1PF174P2tVvKhfg==}
    engines: {node: '>=12'}

  d3-force@3.0.0:
    resolution: {integrity: sha512-zxV/SsA+U4yte8051P4ECydjD/S+qeYtnaIyAs9tgHCqfguma/aAQDjo85A9Z6EKhBirHRJHXIgJUlffT4wdLg==}
    engines: {node: '>=12'}

  d3-quadtree@3.0.1:
    resolution: {integrity: sha512-04xDrxQTDTCFwP5H6hRhsRcb9xxv2RzkcsygFzmkSIOJy3PeRJP7sNk3VRIbKXcog561P9oU0/rVH6vDROAgUw==}
    engines: {node: '>=12'}

  d3-timer@3.0.1:
    resolution: {integrity: sha512-ndfJ/JxxMd3nw31uyKoY2naivF+r29V+Lc0svZxe1JvvIRmi8hUsrMvdOwgS1o6uBHmiz91geQ0ylPP0aj1VUA==}
    engines: {node: '>=12'}

  diff@9.0.0:
    resolution: {integrity: sha512-svtcdpS8CgJyqAjEQIXdb3OjhFVVYjzGAPO8WGCmRbrml64SPw/jJD4GoE98aR7r25A0XcgrK3F02yw9R/vhQw==}
    engines: {node: '>=0.3.1'}

  emoji-regex@10.6.0:
    resolution: {integrity: sha512-toUI84YS5YmxW219erniWD0CIVOo46xGKColeNQRgOzDorgBi1v4D71/OFzgD9GO2UGKIv1C3Sp8DAn0+j5w7A==}

  esprima@4.0.1:
    resolution: {integrity: sha512-eGuFFw7Upda+g4p+QHvnW0RyTX/SVeJBDM/gCtMARO0cLuT2HcEKnTPvhjV6aGeqrCB/sbNop0Kszm0jsaWU4A==}
    engines: {node: '>=4'}
    hasBin: true

  extend-shallow@2.0.1:
    resolution: {integrity: sha512-zCnTtlxNoAiDc3gqY2aYAWFx7XWWiasuF2K8Me5WbN8otHKTUKBwjPtNpRs/rbUZm7KxWAaNj7P1a/p52GbVug==}
    engines: {node: '>=0.10.0'}

  get-east-asian-width@1.6.0:
    resolution: {integrity: sha512-QRbvDIbx6YklUe6RxeTeleMR0yv3cYH6PsPZHcnVn7xv7zO1BHN8r0XETu8n6Ye3Q+ahtSarc3WgtNWmehIBfA==}
    engines: {node: '>=18'}

  gray-matter@4.0.3:
    resolution: {integrity: sha512-5v6yZd4JK3eMI3FqqCouswVqwugaA9r4dNZB1wwcmrD02QkV5H0y7XBQW8QwQqEaZY1pM9aqORSORhJRdNK44Q==}
    engines: {node: '>=6.0'}

  is-extendable@0.1.1:
    resolution: {integrity: sha512-5BMULNob1vgFX6EjQw5izWDxrecWK9AM72rugNr0TFldMOi0fj6Jk+zeKIt0xGj4cEfQIJth4w3OKWOJ4f+AFw==}
    engines: {node: '>=0.10.0'}

  js-yaml@3.15.0:
    resolution: {integrity: sha512-ttBQIIQPDeLjpPOohtUdXuXUVoA2uIB6fEH9HyJ7234s5mBJ5wTx20njxplLZQgLaOfpmPQA7X2t5AX6tIPbog==}
    hasBin: true

  katex@0.16.47:
    resolution: {integrity: sha512-Eeo8Ys1doU1z+x8AZsPpQu+p/QcZBI5PeOo7QGQdy2x2m0MU/hYagBbGOmXwr5KVbEfVuWv9LpnQWeehogurjg==}
    hasBin: true

  kind-of@6.0.3:
    resolution: {integrity: sha512-dcS1ul+9tmeD95T+x28/ehLgd9mENa3LsvDTtzm3vyBEO7RPptvAD+t44WVXaUjTBRcrpFeFlC8WCruUR456hw==}
    engines: {node: '>=0.10.0'}

  marked@17.0.1:
    resolution: {integrity: sha512-boeBdiS0ghpWcSwoNm/jJBwdpFaMnZWRzjA6SkUMYb40SVaN1x7mmfGKp0jvexGcx+7y2La5zRZsYFZI6Qpypg==}
    engines: {node: '>= 20'}
    hasBin: true

  marked@18.0.5:
    resolution: {integrity: sha512-S6GcvALHg6K4ohtu4E7x0a1AqhAjp6cV8KhLSyN9qVapnzJkusVBxZRcIU9AeYsbe6P1hKDusSbEOzGyyuce6w==}
    engines: {node: '>= 20'}
    hasBin: true

  react-devtools-core@7.0.1:
    resolution: {integrity: sha512-C3yNvRHaizlpiASzy7b9vbnBGLrhvdhl1CbdU6EnZgxPNbai60szdLtl+VL76UNOt5bOoVTOz5rNWZxgGt+Gsw==}

  react-reconciler@0.33.0:
    resolution: {integrity: sha512-KetWRytFv1epdpJc3J4G75I4WrplZE5jOL7Yq0p34+OVOKF4Se7WrdIdVC45XsSSmUTlht2FM/fM1FZb1mfQeA==}
    engines: {node: '>=0.10.0'}
    peerDependencies:
      react: ^19.2.0

  react@19.2.7:
    resolution: {integrity: sha512-HNe9WslTbXmFK8o8cmwgAeJFSBvt1bPdHCVKtaaV+WlAN36mpT4hcRpwbf3fY56ar2oIXzsBpOAiIRHAdY0OlQ==}
    engines: {node: '>=0.10.0'}

  scheduler@0.27.0:
    resolution: {integrity: sha512-eNv+WrVbKu1f3vbYJT/xtiF5syA5HPIMtf9IgY/nKg0sWqzAUEvqY/xm7OcZc/qafLx/iO9FgOmeSAp4v5ti/Q==}

  section-matter@1.0.0:
    resolution: {integrity: sha512-vfD3pmTzGpufjScBh50YHKzEu2lxBWhVEHsNGoEXmCmn2hKGfeNLYMzCJpe8cD7gqX7TJluOVpBkAequ6dgMmA==}
    engines: {node: '>=4'}

  shell-quote@1.9.0:
    resolution: {integrity: sha512-Iov+JwFv/2HcTpcwNMKd8+IWNb8tboQJNQTkAY/LLVK7gGH9jy+LGkVqPxfekHl+yMmiqXszdGWXgkfml7hjqA==}
    engines: {node: '>= 0.4'}

  sprintf-js@1.0.3:
    resolution: {integrity: sha512-D9cPgkvLlV3t3IzL0D0YLvGA9Ahk4PcvVwUbN0dSGr1aP0Nrt4AEnTUbuGvquEC0mA64Gqt1fzirlRs5ibXx8g==}

  string-width@7.2.0:
    resolution: {integrity: sha512-tsaTIkKW9b4N+AEj+SVA+WhJzV7/zMhcSu78mLKWSk7cXMOSHsBKFWUs0fWwq8QyK3MgJBQRX6Gbi4kYbdvGkQ==}
    engines: {node: '>=18'}

  strip-ansi@7.1.2:
    resolution: {integrity: sha512-gmBGslpoQJtgnMAvOVqGZpEz9dyoKTCzy2nfz/n8aIFhN/jCE/rCmcxabB6jOOHV+0WNnylOxaxBQPSvcWklhA==}
    engines: {node: '>=12'}

  strip-bom-string@1.0.0:
    resolution: {integrity: sha512-uCC2VHvQRYu+lMh4My/sFNmF2klFymLX1wHJeXnbEJERpV/ZsVuonzerjfrGpIGF7LBVa1O7i9kjiWvJiFck8g==}
    engines: {node: '>=0.10.0'}

  tree-sitter-wasms@0.1.13:
    resolution: {integrity: sha512-wT+cR6DwaIz80/vho3AvSF0N4txuNx/5bcRKoXouOfClpxh/qqrF4URNLQXbbt8MaAxeksZcZd1j8gcGjc+QxQ==}

  typescript@5.9.3:
    resolution: {integrity: sha512-jl1vZzPDinLr9eUt3J/t7V6FgNEw9QjvBPdysz9KfQDD41fQrC2Y4vKQdiaUpFT4bXlb1RHhLpp8wtm6M5TgSw==}
    engines: {node: '>=14.17'}
    hasBin: true

  undici-types@8.3.0:
    resolution: {integrity: sha512-j375ScV60dom+YkPFIfTLcOiPxkN/buHz5GobjLhixFuANaNs3C9l4GmrWqejgXWJ7BbJcFYpTEUkS1Ge8bpZQ==}

  web-tree-sitter@0.25.10:
    resolution: {integrity: sha512-Y09sF44/13XvgVKgO2cNDw5rGk6s26MgoZPXLESvMXeefBf7i6/73eFurre0IsTW6E14Y0ArIzhUMmjoc7xyzA==}
    peerDependencies:
      '@types/emscripten': ^1.40.0
    peerDependenciesMeta:
      '@types/emscripten':
        optional: true

  ws@7.5.11:
    resolution: {integrity: sha512-zS54Oen9bITtp7kp2XM3AydrCIq1D+HwJOuH+c+e4LfpL/lotP5osijd+UoMnxwAam1GN8R4KtLAyIrIcBNpiA==}
    engines: {node: '>=8.3.0'}
    peerDependencies:
      bufferutil: ^4.0.1
      utf-8-validate: ^5.0.2
    peerDependenciesMeta:
      bufferutil:
        optional: true
      utf-8-validate:
        optional: true

  ws@8.21.0:
    resolution: {integrity: sha512-Vsp28b7DRcimFQvrqu2Wek3z1iYxDCWqHYB8Qsnk/S4RfaCQzPGPyBNuVjJV3cd6UiKtUtp6sNM77gWvzcCH+g==}
    engines: {node: '>=10.0.0'}
    peerDependencies:
      bufferutil: ^4.0.1
      utf-8-validate: '>=5.0.2'
    peerDependenciesMeta:
      bufferutil:
        optional: true
      utf-8-validate:
        optional: true

snapshots:

  '@opentui/core-darwin-arm64@0.4.2':
    optional: true

  '@opentui/core-darwin-x64@0.4.2':
    optional: true

  '@opentui/core-linux-arm64-musl@0.4.2':
    optional: true

  '@opentui/core-linux-arm64@0.4.2':
    optional: true

  '@opentui/core-linux-x64-musl@0.4.2':
    optional: true

  '@opentui/core-linux-x64@0.4.2':
    optional: true

  '@opentui/core-win32-arm64@0.4.2':
    optional: true

  '@opentui/core-win32-x64@0.4.2':
    optional: true

  '@opentui/core@0.4.2(patch_hash=nszgaukpo3jzpwyit3vhzlicdi)(typescript@5.9.3)(web-tree-sitter@0.25.10)':
    dependencies:
      bun-ffi-structs: 0.2.3(typescript@5.9.3)
      diff: 9.0.0
      marked: 17.0.1
      string-width: 7.2.0
      strip-ansi: 7.1.2
      web-tree-sitter: 0.25.10
    optionalDependencies:
      '@opentui/core-darwin-arm64': 0.4.2
      '@opentui/core-darwin-x64': 0.4.2
      '@opentui/core-linux-arm64': 0.4.2
      '@opentui/core-linux-arm64-musl': 0.4.2
      '@opentui/core-linux-x64': 0.4.2
      '@opentui/core-linux-x64-musl': 0.4.2
      '@opentui/core-win32-arm64': 0.4.2
      '@opentui/core-win32-x64': 0.4.2
    transitivePeerDependencies:
      - typescript

  '@opentui/react@0.4.2(react-devtools-core@7.0.1)(react@19.2.7)(typescript@5.9.3)(web-tree-sitter@0.25.10)(ws@8.21.0)':
    dependencies:
      '@opentui/core': 0.4.2(patch_hash=nszgaukpo3jzpwyit3vhzlicdi)(typescript@5.9.3)(web-tree-sitter@0.25.10)
      react: 19.2.7
      react-devtools-core: 7.0.1
      react-reconciler: 0.33.0(react@19.2.7)
      ws: 8.21.0
    transitivePeerDependencies:
      - typescript
      - web-tree-sitter

  '@types/d3-force@3.0.10': {}

  '@types/node@26.0.1':
    dependencies:
      undici-types: 8.3.0

  '@types/node@26.1.0':
    dependencies:
      undici-types: 8.3.0

  '@types/react@19.2.17':
    dependencies:
      csstype: 3.2.3

  ansi-regex@6.2.2: {}

  argparse@1.0.10:
    dependencies:
      sprintf-js: 1.0.3

  bun-ffi-structs@0.2.3(typescript@5.9.3):
    dependencies:
      typescript: 5.9.3

  bun-types@1.3.14:
    dependencies:
      '@types/node': 26.0.1

  commander@8.3.0: {}

  csstype@3.2.3: {}

  d3-dispatch@3.0.1: {}

  d3-force@3.0.0:
    dependencies:
      d3-dispatch: 3.0.1
      d3-quadtree: 3.0.1
      d3-timer: 3.0.1

  d3-quadtree@3.0.1: {}

  d3-timer@3.0.1: {}

  diff@9.0.0: {}

  emoji-regex@10.6.0: {}

  esprima@4.0.1: {}

  extend-shallow@2.0.1:
    dependencies:
      is-extendable: 0.1.1

  get-east-asian-width@1.6.0: {}

  gray-matter@4.0.3:
    dependencies:
      js-yaml: 3.15.0
      kind-of: 6.0.3
      section-matter: 1.0.0
      strip-bom-string: 1.0.0

  is-extendable@0.1.1: {}

  js-yaml@3.15.0:
    dependencies:
      argparse: 1.0.10
      esprima: 4.0.1

  katex@0.16.47:
    dependencies:
      commander: 8.3.0

  kind-of@6.0.3: {}

  marked@17.0.1: {}

  marked@18.0.5: {}

  react-devtools-core@7.0.1:
    dependencies:
      shell-quote: 1.9.0
      ws: 7.5.11
    transitivePeerDependencies:
      - bufferutil
      - utf-8-validate

  react-reconciler@0.33.0(react@19.2.7):
    dependencies:
      react: 19.2.7
      scheduler: 0.27.0

  react@19.2.7: {}

  scheduler@0.27.0: {}

  section-matter@1.0.0:
    dependencies:
      extend-shallow: 2.0.1
      kind-of: 6.0.3

  shell-quote@1.9.0: {}

  sprintf-js@1.0.3: {}

  string-width@7.2.0:
    dependencies:
      emoji-regex: 10.6.0
      get-east-asian-width: 1.6.0
      strip-ansi: 7.1.2

  strip-ansi@7.1.2:
    dependencies:
      ansi-regex: 6.2.2

  strip-bom-string@1.0.0: {}

  tree-sitter-wasms@0.1.13: {}

  typescript@5.9.3: {}

  undici-types@8.3.0: {}

  web-tree-sitter@0.25.10: {}

  ws@7.5.11: {}

  ws@8.21.0: {}
